
Microsoft Visual Studio Solution File, Format Version 11.00
# Visual C++ Express 2010
Project("{8BC9CEB8-8B4A-11D0-8D11-00A0C91BC942}") = "MocapViewer", "MocapViewer.vcxproj", "{206A620D-6AA3-4FC9-9895-A658686AD6CC}"
EndProject
Global
	GlobalSection(SolutionConfigurationPlatforms) = preSolution
		Debug|Win32 = Debug|Win32
		Release|Win32 = Release|Win32
	EndGlobalSection
	GlobalSection(ProjectConfigurationPlatforms) = postSolution
		{206A620D-6AA3-4FC9-9895-A658686AD6CC}.Debug|Win32.ActiveCfg = Debug|Win32
		{206A620D-6AA3-4FC9-9895-A658686AD6CC}.Debug|Win32.Build.0 = Debug|Win32
		{206A620D-6AA3-4FC9-9895-A658686AD6CC}.Release|Win32.ActiveCfg = Release|Win32
		{206A620D-6AA3-4FC9-9895-A658686AD6CC}.Release|Win32.Build.0 = Release|Win32
	EndGlobalSection
	GlobalSection(SolutionProperties) = preSolution
		HideSolutionNode = FALSE
	EndGlobalSection
EndGlobal
